{
  "name": "RazorPages",
  "lockfileVersion": 3,
  "requires": true,
  "packages": {
    "": {
      "dependencies": {
        "@progress/kendo-theme-fluent": "^12.3.0"
      }
    },
    "node_modules/@progress/kendo-svg-icons": {
      "version": "4.5.0",
      "resolved": "https://registry.npmjs.org/@progress/kendo-svg-icons/-/kendo-svg-icons-4.5.0.tgz",
      "integrity": "sha512-KO7KZNrm1Fi8jR4HLvaPmwzzsvswAZUlm6jQ0jHz9ck/iuREo8YWIUaVQxnzcmtCT3nRyrYMofLa13eR4PEhQg==",
      "license": "Apache-2.0"
    },
    "node_modules/@progress/kendo-theme-core": {
      "version": "12.3.0",
      "resolved": "https://registry.npmjs.org/@progress/kendo-theme-core/-/kendo-theme-core-12.3.0.tgz",
      "integrity": "sha512-py0WSUx5Z2DxvFfB0IzzUgTeQcOBAlG3ikukcL8vJLwgADfaspXUTeXTcSkOesTm0+1Mjh6t9YIomaCNPxq02g==",
      "license": "Apache-2.0"
    },
    "node_modules/@progress/kendo-theme-fluent": {
      "version": "12.3.0",
      "resolved": "https://registry.npmjs.org/@progress/kendo-theme-fluent/-/kendo-theme-fluent-12.3.0.tgz",
      "integrity": "sha512-r2ZTS+y+ODYADABgObKO+BgRloBP2/jfow6ZZ8heqYKTKJuSATjus/n2QYiskjJYDZ9RLP1h4SLT21DxKhA+zA==",
      "license": "Apache-2.0",
      "dependencies": {
        "@progress/kendo-svg-icons": "^4.5.0",
        "@progress/kendo-theme-core": "12.3.0",
        "@progress/kendo-theme-utils": "12.3.0"
      }
    },
    "node_modules/@progress/kendo-theme-utils": {
      "version": "12.3.0",
      "resolved": "https://registry.npmjs.org/@progress/kendo-theme-utils/-/kendo-theme-utils-12.3.0.tgz",
      "integrity": "sha512-ro594BUMQq98FgBHyF5MsvSSdMvmJrnA78lmWT8cmcyzckhvSszAKZyMQnUD+MZrVRgMroxMWcs+cv/QyFg0+A==",
      "license": "Apache-2.0",
      "dependencies": {
        "@progress/kendo-theme-core": "12.3.0"
      }
    }
  }
}
