
Microsoft Visual Studio Solution File, Format Version 12.00
# Visual Studio Version 17
VisualStudioVersion = 17.14.36811.4 d17.14
MinimumVisualStudioVersion = 10.0.40219.1
Project("{FAE04EC0-301F-11D3-BF4B-00C04F79EFBC}") = "RazorPages", "RazorPages\RazorPages.csproj", "{773E02F4-C4BE-4F32-86A2-6D7B380DE8CC}"
EndProject
Global
	GlobalSection(SolutionConfigurationPlatforms) = preSolution
		Debug|Any CPU = Debug|Any CPU
		Release|Any CPU = Release|Any CPU
	EndGlobalSection
	GlobalSection(ProjectConfigurationPlatforms) = postSolution
		{773E02F4-C4BE-4F32-86A2-6D7B380DE8CC}.Debug|Any CPU.ActiveCfg = Debug|Any CPU
		{773E02F4-C4BE-4F32-86A2-6D7B380DE8CC}.Debug|Any CPU.Build.0 = Debug|Any CPU
		{773E02F4-C4BE-4F32-86A2-6D7B380DE8CC}.Release|Any CPU.ActiveCfg = Release|Any CPU
		{773E02F4-C4BE-4F32-86A2-6D7B380DE8CC}.Release|Any CPU.Build.0 = Release|Any CPU
	EndGlobalSection
	GlobalSection(SolutionProperties) = preSolution
		HideSolutionNode = FALSE
	EndGlobalSection
	GlobalSection(ExtensibilityGlobals) = postSolution
		SolutionGuid = {34AED8BC-D675-4242-AE83-D6E3841A4833}
	EndGlobalSection
EndGlobal
